{
  "name": "quantecon-functional-ts",
  "version": "0.0.0",
  "lockfileVersion": 1,
  "requires": true,
  "dependencies": {
    "@thi.ng/api": {
      "version": "6.2.0",
      "resolved": "https://registry.npmjs.org/@thi.ng/api/-/api-6.2.0.tgz",
      "integrity": "sha512-MQgYbcgkE/pCED8ZjoVWc1B4yofVICTK6uXUQkOA9JFw295Nk68K7RH/I1+ccVijyQqYSygsFzzPSnIF5S8mHQ==",
      "requires": {
        "@thi.ng/errors": "^1.0.6"
      }
    },
    "@thi.ng/arrays": {
      "version": "0.1.9",
      "resolved": "https://registry.npmjs.org/@thi.ng/arrays/-/arrays-0.1.9.tgz",
      "integrity": "sha512-uM7ZDD7Dmi16H57OcPGzdED9WGzNs5sycXNx+DHEBkZToEwlCrzuTI2Vh9iqD1A0QOQ2gd+docz4Fn44ePcAjA==",
      "requires": {
        "@thi.ng/api": "^6.2.0",
        "@thi.ng/checks": "^2.1.6",
        "@thi.ng/compare": "^1.0.6",
        "@thi.ng/equiv": "^1.0.6",
        "@thi.ng/errors": "^1.0.6",
        "@thi.ng/random": "^1.1.7"
      }
    },
    "@thi.ng/binary": {
      "version": "1.0.6",
      "resolved": "https://registry.npmjs.org/@thi.ng/binary/-/binary-1.0.6.tgz",
      "integrity": "sha512-brUZEqFYTzqKBEpjyZgeWBiL8uLzgNtweXGUgxD9cNR8978Q54jKq+6rcO77Fsb351t3X+1hXfLNU0PGbmau9g=="
    },
    "@thi.ng/checks": {
      "version": "2.1.6",
      "resolved": "https://registry.npmjs.org/@thi.ng/checks/-/checks-2.1.6.tgz",
      "integrity": "sha512-1c1xl8sGgouQ5B9VR79A7xSWcuqa+x9xztOI57vd6ObrCrC7OxHFUESJ9hHAWQbrtKxFe5A/46lSMCj0fvu0iQ=="
    },
    "@thi.ng/compare": {
      "version": "1.0.6",
      "resolved": "https://registry.npmjs.org/@thi.ng/compare/-/compare-1.0.6.tgz",
      "integrity": "sha512-9fbVgvf9XTxGOvFWq2RFqLBwoO+zMleQ64cecL2lDz5hr0gxpuu4WZ6EIjHLSmspdEz2jf2a38inZkwDXnciCg=="
    },
    "@thi.ng/compose": {
      "version": "1.2.5",
      "resolved": "https://registry.npmjs.org/@thi.ng/compose/-/compose-1.2.5.tgz",
      "integrity": "sha512-8e+ifT7UHWpUisqdqa1JJOnzDJPqRbChJlNVOIAga2Oi2Buk+RjPUywvATCR7X3MR2mKucp3z3o/eFR9ggu8xw==",
      "requires": {
        "@thi.ng/api": "^6.2.0",
        "@thi.ng/errors": "^1.0.6"
      }
    },
    "@thi.ng/equiv": {
      "version": "1.0.6",
      "resolved": "https://registry.npmjs.org/@thi.ng/equiv/-/equiv-1.0.6.tgz",
      "integrity": "sha512-6hiba78WwEHf3EdZplCz6bwQIztyrk8DqNccRZjy16Hai8J1XC7h//1A3xj3YUqRWfBawXTO6H6ybkVfnZ6G9Q=="
    },
    "@thi.ng/errors": {
      "version": "1.0.6",
      "resolved": "https://registry.npmjs.org/@thi.ng/errors/-/errors-1.0.6.tgz",
      "integrity": "sha512-/E1+m6AS12qQJaLq7RNAoJe/CWE+68knefT6+fsN/8LHXX+CNud8espobOuKMxNMVQ9wpnx7PSik/8nheGahew=="
    },
    "@thi.ng/math": {
      "version": "1.3.0",
      "resolved": "https://registry.npmjs.org/@thi.ng/math/-/math-1.3.0.tgz",
      "integrity": "sha512-1RVMT1Qj9E7/TALMIx6ceM3WTiw33ttBbVO6iWr+TgNGhKXb+H7cK9KCoZ5TS1P6QmgKmbdvYqpS/aPduMdbPw=="
    },
    "@thi.ng/matrices": {
      "version": "0.4.0",
      "resolved": "https://registry.npmjs.org/@thi.ng/matrices/-/matrices-0.4.0.tgz",
      "integrity": "sha512-mI1h/U4mmqigWjehhgN9Jbfo9FqEK0GfFQYY/m3+QFkbkMggpLR51TIVpvo0UGgeRT2WjuPPixSj4OasGiCNOg==",
      "requires": {
        "@thi.ng/api": "^6.2.0",
        "@thi.ng/checks": "^2.1.6",
        "@thi.ng/math": "^1.3.0",
        "@thi.ng/vectors": "^2.5.6"
      }
    },
    "@thi.ng/memoize": {
      "version": "1.0.9",
      "resolved": "https://registry.npmjs.org/@thi.ng/memoize/-/memoize-1.0.9.tgz",
      "integrity": "sha512-WC/Z8v1nWO2Cv1gOityIX4Q4Xw+YO5fuzdyUkm/JDmb0QrSTpZ+g3mIzUBObJOIRa6QrfpKymQdHNVUh78g9jA==",
      "requires": {
        "@thi.ng/api": "^6.2.0"
      }
    },
    "@thi.ng/random": {
      "version": "1.1.7",
      "resolved": "https://registry.npmjs.org/@thi.ng/random/-/random-1.1.7.tgz",
      "integrity": "sha512-kKyjPjRVEAdQOcWmfJgP6/Py2UVoe44PAd4yymr/Y85U3IL6Ff5RGh6P4Fy7dJPlOyeobHfvVH7rlOFFEcjwew==",
      "requires": {
        "@thi.ng/api": "^6.2.0"
      }
    },
    "@thi.ng/strings": {
      "version": "1.1.3",
      "resolved": "https://registry.npmjs.org/@thi.ng/strings/-/strings-1.1.3.tgz",
      "integrity": "sha512-Dn89q0WyjqlnzdOMH7Bz7XYRh4AoyqzkjtWdpoI43e6Sb/tcAUimb6Eus8wtM/Y0wVTPy3qjrwHKVYZ188jsLg==",
      "requires": {
        "@thi.ng/errors": "^1.0.6",
        "@thi.ng/memoize": "^1.0.9"
      }
    },
    "@thi.ng/transducers": {
      "version": "5.3.7",
      "resolved": "https://registry.npmjs.org/@thi.ng/transducers/-/transducers-5.3.7.tgz",
      "integrity": "sha512-VeWEdgP2pnzLypOSkEr9ZWc/t6OH4W3wqgGmOT4DyXE2SZGA7K6w7jvEDGU4/kSFtSEfjNI9maDwzOFZRqz/+w==",
      "requires": {
        "@thi.ng/api": "^6.2.0",
        "@thi.ng/arrays": "^0.1.9",
        "@thi.ng/checks": "^2.1.6",
        "@thi.ng/compare": "^1.0.6",
        "@thi.ng/compose": "^1.2.5",
        "@thi.ng/equiv": "^1.0.6",
        "@thi.ng/errors": "^1.0.6",
        "@thi.ng/random": "^1.1.7",
        "@thi.ng/strings": "^1.1.3"
      }
    },
    "@thi.ng/vectors": {
      "version": "2.5.6",
      "resolved": "https://registry.npmjs.org/@thi.ng/vectors/-/vectors-2.5.6.tgz",
      "integrity": "sha512-Jz4HLJN7D+SNf8YqZS6bqDBJmpmruNus8PDuKlQQMbds0lmvdCo0G9CWJslAjJeZ9tyBQcFue6sjm06A1ruYWw==",
      "requires": {
        "@thi.ng/api": "^6.2.0",
        "@thi.ng/binary": "^1.0.6",
        "@thi.ng/checks": "^2.1.6",
        "@thi.ng/equiv": "^1.0.6",
        "@thi.ng/errors": "^1.0.6",
        "@thi.ng/math": "^1.3.0",
        "@thi.ng/memoize": "^1.0.9",
        "@thi.ng/random": "^1.1.7",
        "@thi.ng/transducers": "^5.3.7"
      }
    }
  }
}
